// !$*UTF8*$!
{
	archiveVersion = 1;
	classes = {
	};
	objectVersion = 46;
	objects = {

/* Begin PBXBuildFile section */
		6CDDCBAF1E4EA2E9ECC7248A /* Pods_ChatifyUITests.framework in Frameworks */ = {isa = PBXBuildFile; fileRef = 9B2405B115967C495620F6F7 /* Pods_ChatifyUITests.framework */; };
		D5DC25F6E3009EDA41DC808C /* Pods_Chatify.framework in Frameworks */ = {isa = PBXBuildFile; fileRef = CD29D1E7CDA200E55267B66A /* Pods_Chatify.framework */; };
		E1B5F97AB87F2080BE705906 /* Pods_ChatifyTests.framework in Frameworks */ = {isa = PBXBuildFile; fileRef = 729664A44CB9F2ABF1730C34 /* Pods_ChatifyTests.framework */; };
		F72BA8711E52B22C00EB5420 /* RegisterViewController.swift in Sources */ = {isa = PBXBuildFile; fileRef = F72BA8701E52B22C00EB5420 /* RegisterViewController.swift */; };
		F72BA8731E52B4FE00EB5420 /* LoginViewController.swift in Sources */ = {isa = PBXBuildFile; fileRef = F72BA8721E52B4FE00EB5420 /* LoginViewController.swift */; };
		F72BA8761E52B67000EB5420 /* Extensions.swift in Sources */ = {isa = PBXBuildFile; fileRef = F72BA8751E52B67000EB5420 /* Extensions.swift */; };
		F72BA8791E52BDC700EB5420 /* ChatDetailViewController.swift in Sources */ = {isa = PBXBuildFile; fileRef = F72BA8781E52BDC700EB5420 /* ChatDetailViewController.swift */; };
		F72BA87C1E52BE3400EB5420 /* SettingsViewController.swift in Sources */ = {isa = PBXBuildFile; fileRef = F72BA87B1E52BE3400EB5420 /* SettingsViewController.swift */; };
		F72BA87E1E52BE9F00EB5420 /* ChatsListTableViewController.swift in Sources */ = {isa = PBXBuildFile; fileRef = F72BA87D1E52BE9F00EB5420 /* ChatsListTableViewController.swift */; };
		F72BA8811E52C2DB00EB5420 /* FirebaseService.swift in Sources */ = {isa = PBXBuildFile; fileRef = F72BA8801E52C2DB00EB5420 /* FirebaseService.swift */; };
		F72BA8831E52C6FE00EB5420 /* ChatService.swift in Sources */ = {isa = PBXBuildFile; fileRef = F72BA8821E52C6FE00EB5420 /* ChatService.swift */; };
		F72BA8851E52C75B00EB5420 /* Message.swift in Sources */ = {isa = PBXBuildFile; fileRef = F72BA8841E52C75B00EB5420 /* Message.swift */; };
		F72BA8871E52C9E800EB5420 /* AdjustableKeyboardViewController.swift in Sources */ = {isa = PBXBuildFile; fileRef = F72BA8861E52C9E800EB5420 /* AdjustableKeyboardViewController.swift */; };
		F72BA88B1E551A8200EB5420 /* ChatDetailTableViewCell.swift in Sources */ = {isa = PBXBuildFile; fileRef = F72BA88A1E551A8200EB5420 /* ChatDetailTableViewCell.swift */; };
		F72BA88D1E551E1600EB5420 /* User.swift in Sources */ = {isa = PBXBuildFile; fileRef = F72BA88C1E551E1600EB5420 /* User.swift */; };
		F72BA88F1E551F6100EB5420 /* ProfileService.swift in Sources */ = {isa = PBXBuildFile; fileRef = F72BA88E1E551F6100EB5420 /* ProfileService.swift */; };
		F72BA8931E55473F00EB5420 /* ChatListTableViewCell.swift in Sources */ = {isa = PBXBuildFile; fileRef = F72BA8921E55473F00EB5420 /* ChatListTableViewCell.swift */; };
		F72BA8951E554BFC00EB5420 /* RoundedImage.swift in Sources */ = {isa = PBXBuildFile; fileRef = F72BA8941E554BFC00EB5420 /* RoundedImage.swift */; };
		F72BA8971E554EAA00EB5420 /* RoundedTextView.swift in Sources */ = {isa = PBXBuildFile; fileRef = F72BA8961E554EAA00EB5420 /* RoundedTextView.swift */; };
		F732DBBA1E6D08B400F90FB8 /* SplashViewController.swift in Sources */ = {isa = PBXBuildFile; fileRef = F732DBB91E6D08B400F90FB8 /* SplashViewController.swift */; };
		F76297571E4BF24D005E617C /* RoundCornerButton.swift in Sources */ = {isa = PBXBuildFile; fileRef = F76297561E4BF24D005E617C /* RoundCornerButton.swift */; };
		F762975A1E4BF2E9005E617C /* Login.storyboard in Resources */ = {isa = PBXBuildFile; fileRef = F76297581E4BF2E9005E617C /* Login.storyboard */; };
		F76297611E4BFB62005E617C /* Alamofire.framework in Frameworks */ = {isa = PBXBuildFile; fileRef = F762975D1E4BFB62005E617C /* Alamofire.framework */; };
		F76297621E4BFB62005E617C /* GoogleToolboxForMac.framework in Frameworks */ = {isa = PBXBuildFile; fileRef = F762975E1E4BFB62005E617C /* GoogleToolboxForMac.framework */; };
		F76297631E4BFB62005E617C /* Pods_ChatifyTests.framework in Frameworks */ = {isa = PBXBuildFile; fileRef = F762975F1E4BFB62005E617C /* Pods_ChatifyTests.framework */; };
		F76297641E4BFB62005E617C /* Pods_ChatifyUITests.framework in Frameworks */ = {isa = PBXBuildFile; fileRef = F76297601E4BFB62005E617C /* Pods_ChatifyUITests.framework */; };
		F76297671E4C0300005E617C /* Constants.swift in Sources */ = {isa = PBXBuildFile; fileRef = F76297661E4C0300005E617C /* Constants.swift */; };
		F763D57B1E4BEF0F002BBC77 /* Bariol_Regular_Italic.otf in Resources */ = {isa = PBXBuildFile; fileRef = F763D5791E4BEF0F002BBC77 /* Bariol_Regular_Italic.otf */; };
		F763D57C1E4BEF0F002BBC77 /* Bariol_Regular.otf in Resources */ = {isa = PBXBuildFile; fileRef = F763D57A1E4BEF0F002BBC77 /* Bariol_Regular.otf */; };
		F7CC70CC1E4BDB760009DFC8 /* AppDelegate.swift in Sources */ = {isa = PBXBuildFile; fileRef = F7CC70CB1E4BDB760009DFC8 /* AppDelegate.swift */; };
		F7CC70D11E4BDB760009DFC8 /* Main.storyboard in Resources */ = {isa = PBXBuildFile; fileRef = F7CC70CF1E4BDB760009DFC8 /* Main.storyboard */; };
		F7CC70D31E4BDB760009DFC8 /* Assets.xcassets in Resources */ = {isa = PBXBuildFile; fileRef = F7CC70D21E4BDB760009DFC8 /* Assets.xcassets */; };
		F7CC70D61E4BDB760009DFC8 /* LaunchScreen.storyboard in Resources */ = {isa = PBXBuildFile; fileRef = F7CC70D41E4BDB760009DFC8 /* LaunchScreen.storyboard */; };
		F7CC70E11E4BDB760009DFC8 /* ChatifyTests.swift in Sources */ = {isa = PBXBuildFile; fileRef = F7CC70E01E4BDB760009DFC8 /* ChatifyTests.swift */; };
		F7CC70EC1E4BDB760009DFC8 /* ChatifyUITests.swift in Sources */ = {isa = PBXBuildFile; fileRef = F7CC70EB1E4BDB760009DFC8 /* ChatifyUITests.swift */; };
		F7CC70FA1E4BDEC90009DFC8 /* GoogleService-Info.plist in Resources */ = {isa = PBXBuildFile; fileRef = F7CC70F91E4BDEC90009DFC8 /* GoogleService-Info.plist */; };
/* End PBXBuildFile section */

/* Begin PBXContainerItemProxy section */
		F7CC70DD1E4BDB760009DFC8 /* PBXContainerItemProxy */ = {
			isa = PBXContainerItemProxy;
			containerPortal = F7CC70C01E4BDB750009DFC8 /* Project object */;
			proxyType = 1;
			remoteGlobalIDString = F7CC70C71E4BDB750009DFC8;
			remoteInfo = Chatify;
		};
		F7CC70E81E4BDB760009DFC8 /* PBXContainerItemProxy */ = {
			isa = PBXContainerItemProxy;
			containerPortal = F7CC70C01E4BDB750009DFC8 /* Project object */;
			proxyType = 1;
			remoteGlobalIDString = F7CC70C71E4BDB750009DFC8;
			remoteInfo = Chatify;
		};
/* End PBXContainerItemProxy section */

/* Begin PBXFileReference section */
		25CA67F4BA0E0297BAC1C113 /* Pods-ChatifyUITests.debug.xcconfig */ = {isa = PBXFileReference; includeInIndex = 1; lastKnownFileType = text.xcconfig; name = "Pods-ChatifyUITests.debug.xcconfig"; path = "Pods/Target Support Files/Pods-ChatifyUITests/Pods-ChatifyUITests.debug.xcconfig"; sourceTree = "<group>"; };
		2ABEB6851FB38A8CC0B3D171 /* Pods-ChatifyTests.release.xcconfig */ = {isa = PBXFileReference; includeInIndex = 1; lastKnownFileType = text.xcconfig; name = "Pods-ChatifyTests.release.xcconfig"; path = "Pods/Target Support Files/Pods-ChatifyTests/Pods-ChatifyTests.release.xcconfig"; sourceTree = "<group>"; };
		47AB10FBA368D3DCD6E5B7DB /* Pods-ChatifyTests.debug.xcconfig */ = {isa = PBXFileReference; includeInIndex = 1; lastKnownFileType = text.xcconfig; name = "Pods-ChatifyTests.debug.xcconfig"; path = "Pods/Target Support Files/Pods-ChatifyTests/Pods-ChatifyTests.debug.xcconfig"; sourceTree = "<group>"; };
		4D0F0FD5FC3B924D2B26E917 /* Pods-Chatify.debug.xcconfig */ = {isa = PBXFileReference; includeInIndex = 1; lastKnownFileType = text.xcconfig; name = "Pods-Chatify.debug.xcconfig"; path = "Pods/Target Support Files/Pods-Chatify/Pods-Chatify.debug.xcconfig"; sourceTree = "<group>"; };
		729664A44CB9F2ABF1730C34 /* Pods_ChatifyTests.framework */ = {isa = PBXFileReference; explicitFileType = wrapper.framework; includeInIndex = 0; path = Pods_ChatifyTests.framework; sourceTree = BUILT_PRODUCTS_DIR; };
		8862AD4794A585B978F31436 /* Pods-Chatify.release.xcconfig */ = {isa = PBXFileReference; includeInIndex = 1; lastKnownFileType = text.xcconfig; name = "Pods-Chatify.release.xcconfig"; path = "Pods/Target Support Files/Pods-Chatify/Pods-Chatify.release.xcconfig"; sourceTree = "<group>"; };
		9B2405B115967C495620F6F7 /* Pods_ChatifyUITests.framework */ = {isa = PBXFileReference; explicitFileType = wrapper.framework; includeInIndex = 0; path = Pods_ChatifyUITests.framework; sourceTree = BUILT_PRODUCTS_DIR; };
		BEBBB6FE8C3237CF217590F9 /* Pods-ChatifyUITests.release.xcconfig */ = {isa = PBXFileReference; includeInIndex = 1; lastKnownFileType = text.xcconfig; name = "Pods-ChatifyUITests.release.xcconfig"; path = "Pods/Target Support Files/Pods-ChatifyUITests/Pods-ChatifyUITests.release.xcconfig"; sourceTree = "<group>"; };
		CD29D1E7CDA200E55267B66A /* Pods_Chatify.framework */ = {isa = PBXFileReference; explicitFileType = wrapper.framework; includeInIndex = 0; path = Pods_Chatify.framework; sourceTree = BUILT_PRODUCTS_DIR; };
		F72BA8701E52B22C00EB5420 /* RegisterViewController.swift */ = {isa = PBXFileReference; fileEncoding = 4; lastKnownFileType = sourcecode.swift; name = RegisterViewController.swift; path = Controllers/Login/RegisterViewController.swift; sourceTree = "<group>"; };
		F72BA8721E52B4FE00EB5420 /* LoginViewController.swift */ = {isa = PBXFileReference; fileEncoding = 4; lastKnownFileType = sourcecode.swift; name = LoginViewController.swift; path = Controllers/Login/LoginViewController.swift; sourceTree = "<group>"; };
		F72BA8751E52B67000EB5420 /* Extensions.swift */ = {isa = PBXFileReference; fileEncoding = 4; lastKnownFileType = sourcecode.swift; name = Extensions.swift; path = Utils/Extensions.swift; sourceTree = "<group>"; };
		F72BA8781E52BDC700EB5420 /* ChatDetailViewController.swift */ = {isa = PBXFileReference; fileEncoding = 4; lastKnownFileType = sourcecode.swift; name = ChatDetailViewController.swift; path = Controllers/Chat/ChatDetailViewController.swift; sourceTree = "<group>"; };
		F72BA87B1E52BE3400EB5420 /* SettingsViewController.swift */ = {isa = PBXFileReference; fileEncoding = 4; lastKnownFileType = sourcecode.swift; name = SettingsViewController.swift; path = Controllers/Settings/SettingsViewController.swift; sourceTree = "<group>"; };
		F72BA87D1E52BE9F00EB5420 /* ChatsListTableViewController.swift */ = {isa = PBXFileReference; fileEncoding = 4; lastKnownFileType = sourcecode.swift; name = ChatsListTableViewController.swift; path = Controllers/Chat/ChatsListTableViewController.swift; sourceTree = "<group>"; };
		F72BA8801E52C2DB00EB5420 /* FirebaseService.swift */ = {isa = PBXFileReference; fileEncoding = 4; lastKnownFileType = sourcecode.swift; name = FirebaseService.swift; path = Services/FirebaseService.swift; sourceTree = "<group>"; };
		F72BA8821E52C6FE00EB5420 /* ChatService.swift */ = {isa = PBXFileReference; fileEncoding = 4; lastKnownFileType = sourcecode.swift; name = ChatService.swift; path = Services/ChatService.swift; sourceTree = "<group>"; };
		F72BA8841E52C75B00EB5420 /* Message.swift */ = {isa = PBXFileReference; fileEncoding = 4; lastKnownFileType = sourcecode.swift; name = Message.swift; path = Models/Message.swift; sourceTree = "<group>"; };
		F72BA8861E52C9E800EB5420 /* AdjustableKeyboardViewController.swift */ = {isa = PBXFileReference; fileEncoding = 4; lastKnownFileType = sourcecode.swift; name = AdjustableKeyboardViewController.swift; path = Views/AdjustableKeyboardViewController.swift; sourceTree = "<group>"; };
		F72BA88A1E551A8200EB5420 /* ChatDetailTableViewCell.swift */ = {isa = PBXFileReference; fileEncoding = 4; lastKnownFileType = sourcecode.swift; name = ChatDetailTableViewCell.swift; path = Views/Chat/ChatDetailTableViewCell.swift; sourceTree = "<group>"; };
		F72BA88C1E551E1600EB5420 /* User.swift */ = {isa = PBXFileReference; fileEncoding = 4; lastKnownFileType = sourcecode.swift; name = User.swift; path = Models/User.swift; sourceTree = "<group>"; };
		F72BA88E1E551F6100EB5420 /* ProfileService.swift */ = {isa = PBXFileReference; fileEncoding = 4; lastKnownFileType = sourcecode.swift; name = ProfileService.swift; path = Services/ProfileService.swift; sourceTree = "<group>"; };
		F72BA8921E55473F00EB5420 /* ChatListTableViewCell.swift */ = {isa = PBXFileReference; fileEncoding = 4; lastKnownFileType = sourcecode.swift; name = ChatListTableViewCell.swift; path = Views/Chat/ChatListTableViewCell.swift; sourceTree = "<group>"; };
		F72BA8941E554BFC00EB5420 /* RoundedImage.swift */ = {isa = PBXFileReference; fileEncoding = 4; lastKnownFileType = sourcecode.swift; name = RoundedImage.swift; path = Views/RoundedImage.swift; sourceTree = "<group>"; };
		F72BA8961E554EAA00EB5420 /* RoundedTextView.swift */ = {isa = PBXFileReference; fileEncoding = 4; lastKnownFileType = sourcecode.swift; name = RoundedTextView.swift; path = Views/RoundedTextView.swift; sourceTree = "<group>"; };
		F732DBB91E6D08B400F90FB8 /* SplashViewController.swift */ = {isa = PBXFileReference; fileEncoding = 4; lastKnownFileType = sourcecode.swift; name = SplashViewController.swift; path = Controllers/Login/SplashViewController.swift; sourceTree = "<group>"; };
		F76297561E4BF24D005E617C /* RoundCornerButton.swift */ = {isa = PBXFileReference; fileEncoding = 4; lastKnownFileType = sourcecode.swift; name = RoundCornerButton.swift; path = Views/RoundCornerButton.swift; sourceTree = "<group>"; };
		F76297591E4BF2E9005E617C /* Base */ = {isa = PBXFileReference; lastKnownFileType = file.storyboard; name = Base; path = Base.lproj/Login.storyboard; sourceTree = "<group>"; };
		F762975D1E4BFB62005E617C /* Alamofire.framework */ = {isa = PBXFileReference; lastKnownFileType = wrapper.framework; name = Alamofire.framework; path = "Pods/../build/Release-iphoneos/Alamofire/Alamofire.framework"; sourceTree = "<group>"; };
		F762975E1E4BFB62005E617C /* GoogleToolboxForMac.framework */ = {isa = PBXFileReference; lastKnownFileType = wrapper.framework; name = GoogleToolboxForMac.framework; path = "Pods/../build/Release-iphoneos/GoogleToolboxForMac/GoogleToolboxForMac.framework"; sourceTree = "<group>"; };
		F762975F1E4BFB62005E617C /* Pods_ChatifyTests.framework */ = {isa = PBXFileReference; lastKnownFileType = wrapper.framework; name = Pods_ChatifyTests.framework; path = "Pods/../build/Debug-iphoneos/Pods_ChatifyTests.framework"; sourceTree = "<group>"; };
		F76297601E4BFB62005E617C /* Pods_ChatifyUITests.framework */ = {isa = PBXFileReference; lastKnownFileType = wrapper.framework; name = Pods_ChatifyUITests.framework; path = "Pods/../build/Debug-iphoneos/Pods_ChatifyUITests.framework"; sourceTree = "<group>"; };
		F76297661E4C0300005E617C /* Constants.swift */ = {isa = PBXFileReference; fileEncoding = 4; lastKnownFileType = sourcecode.swift; name = Constants.swift; path = Utils/Constants.swift; sourceTree = "<group>"; };
		F76297681E52A7C7005E617C /* Chatify.entitlements */ = {isa = PBXFileReference; lastKnownFileType = text.plist.entitlements; path = Chatify.entitlements; sourceTree = "<group>"; };
		F763D5791E4BEF0F002BBC77 /* Bariol_Regular_Italic.otf */ = {isa = PBXFileReference; lastKnownFileType = file; name = Bariol_Regular_Italic.otf; path = Resources/Fonts/Bariol_Regular_Italic.otf; sourceTree = "<group>"; };
		F763D57A1E4BEF0F002BBC77 /* Bariol_Regular.otf */ = {isa = PBXFileReference; lastKnownFileType = file; name = Bariol_Regular.otf; path = Resources/Fonts/Bariol_Regular.otf; sourceTree = "<group>"; };
		F7CC70C81E4BDB760009DFC8 /* Chatify.app */ = {isa = PBXFileReference; explicitFileType = wrapper.application; includeInIndex = 0; path = Chatify.app; sourceTree = BUILT_PRODUCTS_DIR; };
		F7CC70CB1E4BDB760009DFC8 /* AppDelegate.swift */ = {isa = PBXFileReference; lastKnownFileType = sourcecode.swift; path = AppDelegate.swift; sourceTree = "<group>"; };
		F7CC70D01E4BDB760009DFC8 /* Base */ = {isa = PBXFileReference; lastKnownFileType = file.storyboard; name = Base; path = Base.lproj/Main.storyboard; sourceTree = "<group>"; };
		F7CC70D21E4BDB760009DFC8 /* Assets.xcassets */ = {isa = PBXFileReference; lastKnownFileType = folder.assetcatalog; name = Assets.xcassets; path = Resources/Assets.xcassets; sourceTree = "<group>"; };
		F7CC70D51E4BDB760009DFC8 /* Base */ = {isa = PBXFileReference; lastKnownFileType = file.storyboard; name = Base; path = Base.lproj/LaunchScreen.storyboard; sourceTree = "<group>"; };
		F7CC70D71E4BDB760009DFC8 /* Info.plist */ = {isa = PBXFileReference; lastKnownFileType = text.plist.xml; path = Info.plist; sourceTree = "<group>"; };
		F7CC70DC1E4BDB760009DFC8 /* ChatifyTests.xctest */ = {isa = PBXFileReference; explicitFileType = wrapper.cfbundle; includeInIndex = 0; path = ChatifyTests.xctest; sourceTree = BUILT_PRODUCTS_DIR; };
		F7CC70E01E4BDB760009DFC8 /* ChatifyTests.swift */ = {isa = PBXFileReference; lastKnownFileType = sourcecode.swift; path = ChatifyTests.swift; sourceTree = "<group>"; };
		F7CC70E21E4BDB760009DFC8 /* Info.plist */ = {isa = PBXFileReference; lastKnownFileType = text.plist.xml; path = Info.plist; sourceTree = "<group>"; };
		F7CC70E71E4BDB760009DFC8 /* ChatifyUITests.xctest */ = {isa = PBXFileReference; explicitFileType = wrapper.cfbundle; includeInIndex = 0; path = ChatifyUITests.xctest; sourceTree = BUILT_PRODUCTS_DIR; };
		F7CC70EB1E4BDB760009DFC8 /* ChatifyUITests.swift */ = {isa = PBXFileReference; lastKnownFileType = sourcecode.swift; path = ChatifyUITests.swift; sourceTree = "<group>"; };
		F7CC70ED1E4BDB760009DFC8 /* Info.plist */ = {isa = PBXFileReference; lastKnownFileType = text.plist.xml; path = Info.plist; sourceTree = "<group>"; };
		F7CC70F91E4BDEC90009DFC8 /* GoogleService-Info.plist */ = {isa = PBXFileReference; fileEncoding = 4; lastKnownFileType = text.plist.xml; name = "GoogleService-Info.plist"; path = "../../../../../Downloads/GoogleService-Info.plist"; sourceTree = "<group>"; };
/* End PBXFileReference section */

/* Begin PBXFrameworksBuildPhase section */
		F7CC70C51E4BDB750009DFC8 /* Frameworks */ = {
			isa = PBXFrameworksBuildPhase;
			buildActionMask = 2147483647;
			files = (
				F76297611E4BFB62005E617C /* Alamofire.framework in Frameworks */,
				F76297621E4BFB62005E617C /* GoogleToolboxForMac.framework in Frameworks */,
				F76297631E4BFB62005E617C /* Pods_ChatifyTests.framework in Frameworks */,
				F76297641E4BFB62005E617C /* Pods_ChatifyUITests.framework in Frameworks */,
				D5DC25F6E3009EDA41DC808C /* Pods_Chatify.framework in Frameworks */,
			);
			runOnlyForDeploymentPostprocessing = 0;
		};
		F7CC70D91E4BDB760009DFC8 /* Frameworks */ = {
			isa = PBXFrameworksBuildPhase;
			buildActionMask = 2147483647;
			files = (
				E1B5F97AB87F2080BE705906 /* Pods_ChatifyTests.framework in Frameworks */,
			);
			runOnlyForDeploymentPostprocessing = 0;
		};
		F7CC70E41E4BDB760009DFC8 /* Frameworks */ = {
			isa = PBXFrameworksBuildPhase;
			buildActionMask = 2147483647;
			files = (
				6CDDCBAF1E4EA2E9ECC7248A /* Pods_ChatifyUITests.framework in Frameworks */,
			);
			runOnlyForDeploymentPostprocessing = 0;
		};
/* End PBXFrameworksBuildPhase section */

/* Begin PBXGroup section */
		EFA3FD187C9DC994864E03DC /* Pods */ = {
			isa = PBXGroup;
			children = (
				4D0F0FD5FC3B924D2B26E917 /* Pods-Chatify.debug.xcconfig */,
				8862AD4794A585B978F31436 /* Pods-Chatify.release.xcconfig */,
				47AB10FBA368D3DCD6E5B7DB /* Pods-ChatifyTests.debug.xcconfig */,
				2ABEB6851FB38A8CC0B3D171 /* Pods-ChatifyTests.release.xcconfig */,
				25CA67F4BA0E0297BAC1C113 /* Pods-ChatifyUITests.debug.xcconfig */,
				BEBBB6FE8C3237CF217590F9 /* Pods-ChatifyUITests.release.xcconfig */,
			);
			name = Pods;
			sourceTree = "<group>";
		};
		F72BA86D1E52ADC900EB5420 /* Login */ = {
			isa = PBXGroup;
			children = (
				F72BA8721E52B4FE00EB5420 /* LoginViewController.swift */,
				F72BA8701E52B22C00EB5420 /* RegisterViewController.swift */,
				F732DBB91E6D08B400F90FB8 /* SplashViewController.swift */,
			);
			name = Login;
			sourceTree = "<group>";
		};
		F72BA8771E52BD4A00EB5420 /* Chat */ = {
			isa = PBXGroup;
			children = (
				F72BA87D1E52BE9F00EB5420 /* ChatsListTableViewController.swift */,
				F72BA8781E52BDC700EB5420 /* ChatDetailViewController.swift */,
			);
			name = Chat;
			sourceTree = "<group>";
		};
		F72BA87A1E52BE1B00EB5420 /* Settings */ = {
			isa = PBXGroup;
			children = (
				F72BA87B1E52BE3400EB5420 /* SettingsViewController.swift */,
			);
			name = Settings;
			sourceTree = "<group>";
		};
		F72BA87F1E52C2A900EB5420 /* Services */ = {
			isa = PBXGroup;
			children = (
				F72BA8801E52C2DB00EB5420 /* FirebaseService.swift */,
				F72BA8821E52C6FE00EB5420 /* ChatService.swift */,
				F72BA88E1E551F6100EB5420 /* ProfileService.swift */,
			);
			name = Services;
			sourceTree = "<group>";
		};
		F72BA8881E551A5E00EB5420 /* Chat */ = {
			isa = PBXGroup;
			children = (
				F72BA88A1E551A8200EB5420 /* ChatDetailTableViewCell.swift */,
				F72BA8921E55473F00EB5420 /* ChatListTableViewCell.swift */,
			);
			name = Chat;
			sourceTree = "<group>";
		};
		F74E67C9C74412BAFB0C2977 /* Frameworks */ = {
			isa = PBXGroup;
			children = (
				F762975D1E4BFB62005E617C /* Alamofire.framework */,
				F762975E1E4BFB62005E617C /* GoogleToolboxForMac.framework */,
				F762975F1E4BFB62005E617C /* Pods_ChatifyTests.framework */,
				F76297601E4BFB62005E617C /* Pods_ChatifyUITests.framework */,
				CD29D1E7CDA200E55267B66A /* Pods_Chatify.framework */,
				729664A44CB9F2ABF1730C34 /* Pods_ChatifyTests.framework */,
				9B2405B115967C495620F6F7 /* Pods_ChatifyUITests.framework */,
			);
			name = Frameworks;
			sourceTree = "<group>";
		};
		F76297551E4BF07B005E617C /* Layouts */ = {
			isa = PBXGroup;
			children = (
				F7CC70D41E4BDB760009DFC8 /* LaunchScreen.storyboard */,
				F7CC70CF1E4BDB760009DFC8 /* Main.storyboard */,
				F76297581E4BF2E9005E617C /* Login.storyboard */,
			);
			name = Layouts;
			sourceTree = "<group>";
		};
		F76297651E4C02F0005E617C /* Utils */ = {
			isa = PBXGroup;
			children = (
				F76297661E4C0300005E617C /* Constants.swift */,
				F72BA8751E52B67000EB5420 /* Extensions.swift */,
			);
			name = Utils;
			sourceTree = "<group>";
		};
		F763D5741E4BE309002BBC77 /* Controllers */ = {
			isa = PBXGroup;
			children = (
				F72BA87A1E52BE1B00EB5420 /* Settings */,
				F72BA8771E52BD4A00EB5420 /* Chat */,
				F72BA86D1E52ADC900EB5420 /* Login */,
			);
			name = Controllers;
			sourceTree = "<group>";
		};
		F763D5751E4BE31B002BBC77 /* Models */ = {
			isa = PBXGroup;
			children = (
				F72BA8841E52C75B00EB5420 /* Message.swift */,
				F72BA88C1E551E1600EB5420 /* User.swift */,
			);
			name = Models;
			sourceTree = "<group>";
		};
		F763D5761E4BE320002BBC77 /* Views */ = {
			isa = PBXGroup;
			children = (
				F72BA8881E551A5E00EB5420 /* Chat */,
				F76297561E4BF24D005E617C /* RoundCornerButton.swift */,
				F72BA8861E52C9E800EB5420 /* AdjustableKeyboardViewController.swift */,
				F72BA8941E554BFC00EB5420 /* RoundedImage.swift */,
				F72BA8961E554EAA00EB5420 /* RoundedTextView.swift */,
			);
			name = Views;
			sourceTree = "<group>";
		};
		F763D5771E4BE33F002BBC77 /* Resources */ = {
			isa = PBXGroup;
			children = (
				F763D5781E4BEE69002BBC77 /* Fonts */,
				F7CC70D21E4BDB760009DFC8 /* Assets.xcassets */,
			);
			name = Resources;
			sourceTree = "<group>";
		};
		F763D5781E4BEE69002BBC77 /* Fonts */ = {
			isa = PBXGroup;
			children = (
				F763D5791E4BEF0F002BBC77 /* Bariol_Regular_Italic.otf */,
				F763D57A1E4BEF0F002BBC77 /* Bariol_Regular.otf */,
			);
			name = Fonts;
			sourceTree = "<group>";
		};
		F7CC70BF1E4BDB750009DFC8 = {
			isa = PBXGroup;
			children = (
				F7CC70CA1E4BDB760009DFC8 /* Chatify */,
				F7CC70DF1E4BDB760009DFC8 /* ChatifyTests */,
				F7CC70EA1E4BDB760009DFC8 /* ChatifyUITests */,
				F7CC70C91E4BDB760009DFC8 /* Products */,
				EFA3FD187C9DC994864E03DC /* Pods */,
				F74E67C9C74412BAFB0C2977 /* Frameworks */,
			);
			sourceTree = "<group>";
		};
		F7CC70C91E4BDB760009DFC8 /* Products */ = {
			isa = PBXGroup;
			children = (
				F7CC70C81E4BDB760009DFC8 /* Chatify.app */,
				F7CC70DC1E4BDB760009DFC8 /* ChatifyTests.xctest */,
				F7CC70E71E4BDB760009DFC8 /* ChatifyUITests.xctest */,
			);
			name = Products;
			sourceTree = "<group>";
		};
		F7CC70CA1E4BDB760009DFC8 /* Chatify */ = {
			isa = PBXGroup;
			children = (
				F76297681E52A7C7005E617C /* Chatify.entitlements */,
				F76297651E4C02F0005E617C /* Utils */,
				F72BA87F1E52C2A900EB5420 /* Services */,
				F76297551E4BF07B005E617C /* Layouts */,
				F763D5771E4BE33F002BBC77 /* Resources */,
				F763D5761E4BE320002BBC77 /* Views */,
				F763D5751E4BE31B002BBC77 /* Models */,
				F763D5741E4BE309002BBC77 /* Controllers */,
				F7CC70CB1E4BDB760009DFC8 /* AppDelegate.swift */,
				F7CC70D71E4BDB760009DFC8 /* Info.plist */,
				F7CC70F91E4BDEC90009DFC8 /* GoogleService-Info.plist */,
			);
			path = Chatify;
			sourceTree = "<group>";
		};
		F7CC70DF1E4BDB760009DFC8 /* ChatifyTests */ = {
			isa = PBXGroup;
			children = (
				F7CC70E01E4BDB760009DFC8 /* ChatifyTests.swift */,
				F7CC70E21E4BDB760009DFC8 /* Info.plist */,
			);
			path = ChatifyTests;
			sourceTree = "<group>";
		};
		F7CC70EA1E4BDB760009DFC8 /* ChatifyUITests */ = {
			isa = PBXGroup;
			children = (
				F7CC70EB1E4BDB760009DFC8 /* ChatifyUITests.swift */,
				F7CC70ED1E4BDB760009DFC8 /* Info.plist */,
			);
			path = ChatifyUITests;
			sourceTree = "<group>";
		};
/* End PBXGroup section */

/* Begin PBXNativeTarget section */
		F7CC70C71E4BDB750009DFC8 /* Chatify */ = {
			isa = PBXNativeTarget;
			buildConfigurationList = F7CC70F01E4BDB760009DFC8 /* Build configuration list for PBXNativeTarget "Chatify" */;
			buildPhases = (
				6097E3EFC83299E00CBC12BE /* [CP] Check Pods Manifest.lock */,
				F7CC70C41E4BDB750009DFC8 /* Sources */,
				F7CC70C51E4BDB750009DFC8 /* Frameworks */,
				F7CC70C61E4BDB750009DFC8 /* Resources */,
				4C91366DA9F4A6B0CF0A7066 /* [CP] Embed Pods Frameworks */,
				3C73A865CE9BB9C6E02CF97E /* [CP] Copy Pods Resources */,
			);
			buildRules = (
			);
			dependencies = (
			);
			name = Chatify;
			productName = Chatify;
			productReference = F7CC70C81E4BDB760009DFC8 /* Chatify.app */;
			productType = "com.apple.product-type.application";
		};
		F7CC70DB1E4BDB760009DFC8 /* ChatifyTests */ = {
			isa = PBXNativeTarget;
			buildConfigurationList = F7CC70F31E4BDB760009DFC8 /* Build configuration list for PBXNativeTarget "ChatifyTests" */;
			buildPhases = (
				80BD2EAA5F181DDB4018CEFC /* [CP] Check Pods Manifest.lock */,
				F7CC70D81E4BDB760009DFC8 /* Sources */,
				F7CC70D91E4BDB760009DFC8 /* Frameworks */,
				F7CC70DA1E4BDB760009DFC8 /* Resources */,
				3D3F8934FE9CE19AF3B75AA4 /* [CP] Embed Pods Frameworks */,
				0CCCDEE0D08A9B2F4574A8FC /* [CP] Copy Pods Resources */,
			);
			buildRules = (
			);
			dependencies = (
				F7CC70DE1E4BDB760009DFC8 /* PBXTargetDependency */,
			);
			name = ChatifyTests;
			productName = ChatifyTests;
			productReference = F7CC70DC1E4BDB760009DFC8 /* ChatifyTests.xctest */;
			productType = "com.apple.product-type.bundle.unit-test";
		};
		F7CC70E61E4BDB760009DFC8 /* ChatifyUITests */ = {
			isa = PBXNativeTarget;
			buildConfigurationList = F7CC70F61E4BDB760009DFC8 /* Build configuration list for PBXNativeTarget "ChatifyUITests" */;
			buildPhases = (
				F22084CFDE42002E3E20D398 /* [CP] Check Pods Manifest.lock */,
				F7CC70E31E4BDB760009DFC8 /* Sources */,
				F7CC70E41E4BDB760009DFC8 /* Frameworks */,
				F7CC70E51E4BDB760009DFC8 /* Resources */,
				B3C718682FAC1D8F698B7237 /* [CP] Embed Pods Frameworks */,
				CFA44217A9C61CF740560DDA /* [CP] Copy Pods Resources */,
			);
			buildRules = (
			);
			dependencies = (
				F7CC70E91E4BDB760009DFC8 /* PBXTargetDependency */,
			);
			name = ChatifyUITests;
			productName = ChatifyUITests;
			productReference = F7CC70E71E4BDB760009DFC8 /* ChatifyUITests.xctest */;
			productType = "com.apple.product-type.bundle.ui-testing";
		};
/* End PBXNativeTarget section */

/* Begin PBXProject section */
		F7CC70C01E4BDB750009DFC8 /* Project object */ = {
			isa = PBXProject;
			attributes = {
				LastSwiftUpdateCheck = 0820;
				LastUpgradeCheck = 0820;
				ORGANIZATIONNAME = Azell;
				TargetAttributes = {
					F7CC70C71E4BDB750009DFC8 = {
						CreatedOnToolsVersion = 8.2.1;
						DevelopmentTeam = 3WZA94Y787;
						ProvisioningStyle = Automatic;
						SystemCapabilities = {
							com.apple.Keychain = {
								enabled = 1;
							};
						};
					};
					F7CC70DB1E4BDB760009DFC8 = {
						CreatedOnToolsVersion = 8.2.1;
						ProvisioningStyle = Automatic;
						TestTargetID = F7CC70C71E4BDB750009DFC8;
					};
					F7CC70E61E4BDB760009DFC8 = {
						CreatedOnToolsVersion = 8.2.1;
						ProvisioningStyle = Automatic;
						TestTargetID = F7CC70C71E4BDB750009DFC8;
					};
				};
			};
			buildConfigurationList = F7CC70C31E4BDB750009DFC8 /* Build configuration list for PBXProject "Chatify" */;
			compatibilityVersion = "Xcode 3.2";
			developmentRegion = English;
			hasScannedForEncodings = 0;
			knownRegions = (
				en,
				Base,
			);
			mainGroup = F7CC70BF1E4BDB750009DFC8;
			productRefGroup = F7CC70C91E4BDB760009DFC8 /* Products */;
			projectDirPath = "";
			projectRoot = "";
			targets = (
				F7CC70C71E4BDB750009DFC8 /* Chatify */,
				F7CC70DB1E4BDB760009DFC8 /* ChatifyTests */,
				F7CC70E61E4BDB760009DFC8 /* ChatifyUITests */,
			);
		};
/* End PBXProject section */

/* Begin PBXResourcesBuildPhase section */
		F7CC70C61E4BDB750009DFC8 /* Resources */ = {
			isa = PBXResourcesBuildPhase;
			buildActionMask = 2147483647;
			files = (
				F7CC70D61E4BDB760009DFC8 /* LaunchScreen.storyboard in Resources */,
				F763D57B1E4BEF0F002BBC77 /* Bariol_Regular_Italic.otf in Resources */,
				F762975A1E4BF2E9005E617C /* Login.storyboard in Resources */,
				F7CC70FA1E4BDEC90009DFC8 /* GoogleService-Info.plist in Resources */,
				F763D57C1E4BEF0F002BBC77 /* Bariol_Regular.otf in Resources */,
				F7CC70D31E4BDB760009DFC8 /* Assets.xcassets in Resources */,
				F7CC70D11E4BDB760009DFC8 /* Main.storyboard in Resources */,
			);
			runOnlyForDeploymentPostprocessing = 0;
		};
		F7CC70DA1E4BDB760009DFC8 /* Resources */ = {
			isa = PBXResourcesBuildPhase;
			buildActionMask = 2147483647;
			files = (
			);
			runOnlyForDeploymentPostprocessing = 0;
		};
		F7CC70E51E4BDB760009DFC8 /* Resources */ = {
			isa = PBXResourcesBuildPhase;
			buildActionMask = 2147483647;
			files = (
			);
			runOnlyForDeploymentPostprocessing = 0;
		};
/* End PBXResourcesBuildPhase section */

/* Begin PBXShellScriptBuildPhase section */
		0CCCDEE0D08A9B2F4574A8FC /* [CP] Copy Pods Resources */ = {
			isa = PBXShellScriptBuildPhase;
			buildActionMask = 2147483647;
			files = (
			);
			inputPaths = (
			);
			name = "[CP] Copy Pods Resources";
			outputPaths = (
			);
			runOnlyForDeploymentPostprocessing = 0;
			shellPath = /bin/sh;
			shellScript = "\"${SRCROOT}/Pods/Target Support Files/Pods-ChatifyTests/Pods-ChatifyTests-resources.sh\"\n";
			showEnvVarsInLog = 0;
		};
		3C73A865CE9BB9C6E02CF97E /* [CP] Copy Pods Resources */ = {
			isa = PBXShellScriptBuildPhase;
			buildActionMask = 2147483647;
			files = (
			);
			inputPaths = (
			);
			name = "[CP] Copy Pods Resources";
			outputPaths = (
			);
			runOnlyForDeploymentPostprocessing = 0;
			shellPath = /bin/sh;
			shellScript = "\"${SRCROOT}/Pods/Target Support Files/Pods-Chatify/Pods-Chatify-resources.sh\"\n";
			showEnvVarsInLog = 0;
		};
		3D3F8934FE9CE19AF3B75AA4 /* [CP] Embed Pods Frameworks */ = {
			isa = PBXShellScriptBuildPhase;
			buildActionMask = 2147483647;
			files = (
			);
			inputPaths = (
			);
			name = "[CP] Embed Pods Frameworks";
			outputPaths = (
			);
			runOnlyForDeploymentPostprocessing = 0;
			shellPath = /bin/sh;
			shellScript = "\"${SRCROOT}/Pods/Target Support Files/Pods-ChatifyTests/Pods-ChatifyTests-frameworks.sh\"\n";
			showEnvVarsInLog = 0;
		};
		4C91366DA9F4A6B0CF0A7066 /* [CP] Embed Pods Frameworks */ = {
			isa = PBXShellScriptBuildPhase;
			buildActionMask = 2147483647;
			files = (
			);
			inputPaths = (
			);
			name = "[CP] Embed Pods Frameworks";
			outputPaths = (
			);
			runOnlyForDeploymentPostprocessing = 0;
			shellPath = /bin/sh;
			shellScript = "\"${SRCROOT}/Pods/Target Support Files/Pods-Chatify/Pods-Chatify-frameworks.sh\"\n";
			showEnvVarsInLog = 0;
		};
		6097E3EFC83299E00CBC12BE /* [CP] Check Pods Manifest.lock */ = {
			isa = PBXShellScriptBuildPhase;
			buildActionMask = 2147483647;
			files = (
			);
			inputPaths = (
			);
			name = "[CP] Check Pods Manifest.lock";
			outputPaths = (
			);
			runOnlyForDeploymentPostprocessing = 0;
			shellPath = /bin/sh;
			shellScript = "diff \"${PODS_ROOT}/../Podfile.lock\" \"${PODS_ROOT}/Manifest.lock\" > /dev/null\nif [ $? != 0 ] ; then\n    # print error to STDERR\n    echo \"error: The sandbox is not in sync with the Podfile.lock. Run 'pod install' or update your CocoaPods installation.\" >&2\n    exit 1\nfi\n";
			showEnvVarsInLog = 0;
		};
		80BD2EAA5F181DDB4018CEFC /* [CP] Check Pods Manifest.lock */ = {
			isa = PBXShellScriptBuildPhase;
			buildActionMask = 2147483647;
			files = (
			);
			inputPaths = (
			);
			name = "[CP] Check Pods Manifest.lock";
			outputPaths = (
			);
			runOnlyForDeploymentPostprocessing = 0;
			shellPath = /bin/sh;
			shellScript = "diff \"${PODS_ROOT}/../Podfile.lock\" \"${PODS_ROOT}/Manifest.lock\" > /dev/null\nif [ $? != 0 ] ; then\n    # print error to STDERR\n    echo \"error: The sandbox is not in sync with the Podfile.lock. Run 'pod install' or update your CocoaPods installation.\" >&2\n    exit 1\nfi\n";
			showEnvVarsInLog = 0;
		};
		B3C718682FAC1D8F698B7237 /* [CP] Embed Pods Frameworks */ = {
			isa = PBXShellScriptBuildPhase;
			buildActionMask = 2147483647;
			files = (
			);
			inputPaths = (
			);
			name = "[CP] Embed Pods Frameworks";
			outputPaths = (
			);
			runOnlyForDeploymentPostprocessing = 0;
			shellPath = /bin/sh;
			shellScript = "\"${SRCROOT}/Pods/Target Support Files/Pods-ChatifyUITests/Pods-ChatifyUITests-frameworks.sh\"\n";
			showEnvVarsInLog = 0;
		};
		CFA44217A9C61CF740560DDA /* [CP] Copy Pods Resources */ = {
			isa = PBXShellScriptBuildPhase;
			buildActionMask = 2147483647;
			files = (
			);
			inputPaths = (
			);
			name = "[CP] Copy Pods Resources";
			outputPaths = (
			);
			runOnlyForDeploymentPostprocessing = 0;
			shellPath = /bin/sh;
			shellScript = "\"${SRCROOT}/Pods/Target Support Files/Pods-ChatifyUITests/Pods-ChatifyUITests-resources.sh\"\n";
			showEnvVarsInLog = 0;
		};
		F22084CFDE42002E3E20D398 /* [CP] Check Pods Manifest.lock */ = {
			isa = PBXShellScriptBuildPhase;
			buildActionMask = 2147483647;
			files = (
			);
			inputPaths = (
			);
			name = "[CP] Check Pods Manifest.lock";
			outputPaths = (
			);
			runOnlyForDeploymentPostprocessing = 0;
			shellPath = /bin/sh;
			shellScript = "diff \"${PODS_ROOT}/../Podfile.lock\" \"${PODS_ROOT}/Manifest.lock\" > /dev/null\nif [ $? != 0 ] ; then\n    # print error to STDERR\n    echo \"error: The sandbox is not in sync with the Podfile.lock. Run 'pod install' or update your CocoaPods installation.\" >&2\n    exit 1\nfi\n";
			showEnvVarsInLog = 0;
		};
/* End PBXShellScriptBuildPhase section */

/* Begin PBXSourcesBuildPhase section */
		F7CC70C41E4BDB750009DFC8 /* Sources */ = {
			isa = PBXSourcesBuildPhase;
			buildActionMask = 2147483647;
			files = (
				F72BA8731E52B4FE00EB5420 /* LoginViewController.swift in Sources */,
				F72BA88F1E551F6100EB5420 /* ProfileService.swift in Sources */,
				F76297671E4C0300005E617C /* Constants.swift in Sources */,
				F72BA8951E554BFC00EB5420 /* RoundedImage.swift in Sources */,
				F76297571E4BF24D005E617C /* RoundCornerButton.swift in Sources */,
				F72BA8871E52C9E800EB5420 /* AdjustableKeyboardViewController.swift in Sources */,
				F72BA8851E52C75B00EB5420 /* Message.swift in Sources */,
				F72BA8791E52BDC700EB5420 /* ChatDetailViewController.swift in Sources */,
				F72BA8711E52B22C00EB5420 /* RegisterViewController.swift in Sources */,
				F72BA8931E55473F00EB5420 /* ChatListTableViewCell.swift in Sources */,
				F72BA87E1E52BE9F00EB5420 /* ChatsListTableViewController.swift in Sources */,
				F72BA88D1E551E1600EB5420 /* User.swift in Sources */,
				F72BA8811E52C2DB00EB5420 /* FirebaseService.swift in Sources */,
				F7CC70CC1E4BDB760009DFC8 /* AppDelegate.swift in Sources */,
				F72BA8761E52B67000EB5420 /* Extensions.swift in Sources */,
				F72BA88B1E551A8200EB5420 /* ChatDetailTableViewCell.swift in Sources */,
				F72BA87C1E52BE3400EB5420 /* SettingsViewController.swift in Sources */,
				F72BA8831E52C6FE00EB5420 /* ChatService.swift in Sources */,
				F72BA8971E554EAA00EB5420 /* RoundedTextView.swift in Sources */,
				F732DBBA1E6D08B400F90FB8 /* SplashViewController.swift in Sources */,
			);
			runOnlyForDeploymentPostprocessing = 0;
		};
		F7CC70D81E4BDB760009DFC8 /* Sources */ = {
			isa = PBXSourcesBuildPhase;
			buildActionMask = 2147483647;
			files = (
				F7CC70E11E4BDB760009DFC8 /* ChatifyTests.swift in Sources */,
			);
			runOnlyForDeploymentPostprocessing = 0;
		};
		F7CC70E31E4BDB760009DFC8 /* Sources */ = {
			isa = PBXSourcesBuildPhase;
			buildActionMask = 2147483647;
			files = (
				F7CC70EC1E4BDB760009DFC8 /* ChatifyUITests.swift in Sources */,
			);
			runOnlyForDeploymentPostprocessing = 0;
		};
/* End PBXSourcesBuildPhase section */

/* Begin PBXTargetDependency section */
		F7CC70DE1E4BDB760009DFC8 /* PBXTargetDependency */ = {
			isa = PBXTargetDependency;
			target = F7CC70C71E4BDB750009DFC8 /* Chatify */;
			targetProxy = F7CC70DD1E4BDB760009DFC8 /* PBXContainerItemProxy */;
		};
		F7CC70E91E4BDB760009DFC8 /* PBXTargetDependency */ = {
			isa = PBXTargetDependency;
			target = F7CC70C71E4BDB750009DFC8 /* Chatify */;
			targetProxy = F7CC70E81E4BDB760009DFC8 /* PBXContainerItemProxy */;
		};
/* End PBXTargetDependency section */

/* Begin PBXVariantGroup section */
		F76297581E4BF2E9005E617C /* Login.storyboard */ = {
			isa = PBXVariantGroup;
			children = (
				F76297591E4BF2E9005E617C /* Base */,
			);
			name = Login.storyboard;
			sourceTree = "<group>";
		};
		F7CC70CF1E4BDB760009DFC8 /* Main.storyboard */ = {
			isa = PBXVariantGroup;
			children = (
				F7CC70D01E4BDB760009DFC8 /* Base */,
			);
			name = Main.storyboard;
			sourceTree = "<group>";
		};
		F7CC70D41E4BDB760009DFC8 /* LaunchScreen.storyboard */ = {
			isa = PBXVariantGroup;
			children = (
				F7CC70D51E4BDB760009DFC8 /* Base */,
			);
			name = LaunchScreen.storyboard;
			sourceTree = "<group>";
		};
/* End PBXVariantGroup section */

/* Begin XCBuildConfiguration section */
		F7CC70EE1E4BDB760009DFC8 /* Debug */ = {
			isa = XCBuildConfiguration;
			buildSettings = {
				ALWAYS_SEARCH_USER_PATHS = NO;
				CLANG_ANALYZER_NONNULL = YES;
				CLANG_CXX_LANGUAGE_STANDARD = "gnu++0x";
				CLANG_CXX_LIBRARY = "libc++";
				CLANG_ENABLE_MODULES = YES;
				CLANG_ENABLE_OBJC_ARC = YES;
				CLANG_WARN_BOOL_CONVERSION = YES;
				CLANG_WARN_CONSTANT_CONVERSION = YES;
				CLANG_WARN_DIRECT_OBJC_ISA_USAGE = YES_ERROR;
				CLANG_WARN_DOCUMENTATION_COMMENTS = YES;
				CLANG_WARN_EMPTY_BODY = YES;
				CLANG_WARN_ENUM_CONVERSION = YES;
				CLANG_WARN_INFINITE_RECURSION = YES;
				CLANG_WARN_INT_CONVERSION = YES;
				CLANG_WARN_OBJC_ROOT_CLASS = YES_ERROR;
				CLANG_WARN_SUSPICIOUS_MOVE = YES;
				CLANG_WARN_UNREACHABLE_CODE = YES;
				CLANG_WARN__DUPLICATE_METHOD_MATCH = YES;
				"CODE_SIGN_IDENTITY[sdk=iphoneos*]" = "iPhone Developer";
				COPY_PHASE_STRIP = NO;
				DEBUG_INFORMATION_FORMAT = dwarf;
				ENABLE_STRICT_OBJC_MSGSEND = YES;
				ENABLE_TESTABILITY = YES;
				GCC_C_LANGUAGE_STANDARD = gnu99;
				GCC_DYNAMIC_NO_PIC = NO;
				GCC_NO_COMMON_BLOCKS = YES;
				GCC_OPTIMIZATION_LEVEL = 0;
				GCC_PREPROCESSOR_DEFINITIONS = (
					"DEBUG=1",
					"$(inherited)",
				);
				GCC_WARN_64_TO_32_BIT_CONVERSION = YES;
				GCC_WARN_ABOUT_RETURN_TYPE = YES_ERROR;
				GCC_WARN_UNDECLARED_SELECTOR = YES;
				GCC_WARN_UNINITIALIZED_AUTOS = YES_AGGRESSIVE;
				GCC_WARN_UNUSED_FUNCTION = YES;
				GCC_WARN_UNUSED_VARIABLE = YES;
				IPHONEOS_DEPLOYMENT_TARGET = 10.2;
				MTL_ENABLE_DEBUG_INFO = YES;
				ONLY_ACTIVE_ARCH = YES;
				SDKROOT = iphoneos;
				SWIFT_ACTIVE_COMPILATION_CONDITIONS = DEBUG;
				SWIFT_OPTIMIZATION_LEVEL = "-Onone";
				TARGETED_DEVICE_FAMILY = "1,2";
			};
			name = Debug;
		};
		F7CC70EF1E4BDB760009DFC8 /* Release */ = {
			isa = XCBuildConfiguration;
			buildSettings = {
				ALWAYS_SEARCH_USER_PATHS = NO;
				CLANG_ANALYZER_NONNULL = YES;
				CLANG_CXX_LANGUAGE_STANDARD = "gnu++0x";
				CLANG_CXX_LIBRARY = "libc++";
				CLANG_ENABLE_MODULES = YES;
				CLANG_ENABLE_OBJC_ARC = YES;
				CLANG_WARN_BOOL_CONVERSION = YES;
				CLANG_WARN_CONSTANT_CONVERSION = YES;
				CLANG_WARN_DIRECT_OBJC_ISA_USAGE = YES_ERROR;
				CLANG_WARN_DOCUMENTATION_COMMENTS = YES;
				CLANG_WARN_EMPTY_BODY = YES;
				CLANG_WARN_ENUM_CONVERSION = YES;
				CLANG_WARN_INFINITE_RECURSION = YES;
				CLANG_WARN_INT_CONVERSION = YES;
				CLANG_WARN_OBJC_ROOT_CLASS = YES_ERROR;
				CLANG_WARN_SUSPICIOUS_MOVE = YES;
				CLANG_WARN_UNREACHABLE_CODE = YES;
				CLANG_WARN__DUPLICATE_METHOD_MATCH = YES;
				"CODE_SIGN_IDENTITY[sdk=iphoneos*]" = "iPhone Developer";
				COPY_PHASE_STRIP = NO;
				DEBUG_INFORMATION_FORMAT = "dwarf-with-dsym";
				ENABLE_NS_ASSERTIONS = NO;
				ENABLE_STRICT_OBJC_MSGSEND = YES;
				GCC_C_LANGUAGE_STANDARD = gnu99;
				GCC_NO_COMMON_BLOCKS = YES;
				GCC_WARN_64_TO_32_BIT_CONVERSION = YES;
				GCC_WARN_ABOUT_RETURN_TYPE = YES_ERROR;
				GCC_WARN_UNDECLARED_SELECTOR = YES;
				GCC_WARN_UNINITIALIZED_AUTOS = YES_AGGRESSIVE;
				GCC_WARN_UNUSED_FUNCTION = YES;
				GCC_WARN_UNUSED_VARIABLE = YES;
				IPHONEOS_DEPLOYMENT_TARGET = 10.2;
				MTL_ENABLE_DEBUG_INFO = NO;
				SDKROOT = iphoneos;
				SWIFT_OPTIMIZATION_LEVEL = "-Owholemodule";
				TARGETED_DEVICE_FAMILY = "1,2";
				VALIDATE_PRODUCT = YES;
			};
			name = Release;
		};
		F7CC70F11E4BDB760009DFC8 /* Debug */ = {
			isa = XCBuildConfiguration;
			baseConfigurationReference = 4D0F0FD5FC3B924D2B26E917 /* Pods-Chatify.debug.xcconfig */;
			buildSettings = {
				ASSETCATALOG_COMPILER_APPICON_NAME = AppIcon;
				CODE_SIGN_ENTITLEMENTS = Chatify/Chatify.entitlements;
				DEVELOPMENT_TEAM = 3WZA94Y787;
				FRAMEWORK_SEARCH_PATHS = (
					"$(inherited)",
					"$(PROJECT_DIR)/build/Release-iphoneos/Alamofire",
					"$(PROJECT_DIR)/build/Release-iphoneos/GoogleToolboxForMac",
					"$(PROJECT_DIR)/build/Debug-iphoneos",
				);
				INFOPLIST_FILE = Chatify/Info.plist;
				IPHONEOS_DEPLOYMENT_TARGET = 9.0;
				LD_RUNPATH_SEARCH_PATHS = "$(inherited) @executable_path/Frameworks";
				ONLY_ACTIVE_ARCH = YES;
				PRODUCT_BUNDLE_IDENTIFIER = com.azell.Chatify;
				PRODUCT_NAME = "$(TARGET_NAME)";
				SWIFT_VERSION = 3.0;
			};
			name = Debug;
		};
		F7CC70F21E4BDB760009DFC8 /* Release */ = {
			isa = XCBuildConfiguration;
			baseConfigurationReference = 8862AD4794A585B978F31436 /* Pods-Chatify.release.xcconfig */;
			buildSettings = {
				ASSETCATALOG_COMPILER_APPICON_NAME = AppIcon;
				CODE_SIGN_ENTITLEMENTS = Chatify/Chatify.entitlements;
				DEVELOPMENT_TEAM = 3WZA94Y787;
				FRAMEWORK_SEARCH_PATHS = (
					"$(inherited)",
					"$(PROJECT_DIR)/build/Release-iphoneos/Alamofire",
					"$(PROJECT_DIR)/build/Release-iphoneos/GoogleToolboxForMac",
					"$(PROJECT_DIR)/build/Debug-iphoneos",
				);
				INFOPLIST_FILE = Chatify/Info.plist;
				IPHONEOS_DEPLOYMENT_TARGET = 9.0;
				LD_RUNPATH_SEARCH_PATHS = "$(inherited) @executable_path/Frameworks";
				ONLY_ACTIVE_ARCH = NO;
				PRODUCT_BUNDLE_IDENTIFIER = com.azell.Chatify;
				PRODUCT_NAME = "$(TARGET_NAME)";
				SWIFT_VERSION = 3.0;
			};
			name = Release;
		};
		F7CC70F41E4BDB760009DFC8 /* Debug */ = {
			isa = XCBuildConfiguration;
			baseConfigurationReference = 47AB10FBA368D3DCD6E5B7DB /* Pods-ChatifyTests.debug.xcconfig */;
			buildSettings = {
				ALWAYS_EMBED_SWIFT_STANDARD_LIBRARIES = YES;
				BUNDLE_LOADER = "$(TEST_HOST)";
				INFOPLIST_FILE = ChatifyTests/Info.plist;
				LD_RUNPATH_SEARCH_PATHS = "$(inherited) @executable_path/Frameworks @loader_path/Frameworks";
				PRODUCT_BUNDLE_IDENTIFIER = com.azell.ChatifyTests;
				PRODUCT_NAME = "$(TARGET_NAME)";
				SWIFT_VERSION = 3.0;
				TEST_HOST = "$(BUILT_PRODUCTS_DIR)/Chatify.app/Chatify";
			};
			name = Debug;
		};
		F7CC70F51E4BDB760009DFC8 /* Release */ = {
			isa = XCBuildConfiguration;
			baseConfigurationReference = 2ABEB6851FB38A8CC0B3D171 /* Pods-ChatifyTests.release.xcconfig */;
			buildSettings = {
				ALWAYS_EMBED_SWIFT_STANDARD_LIBRARIES = YES;
				BUNDLE_LOADER = "$(TEST_HOST)";
				INFOPLIST_FILE = ChatifyTests/Info.plist;
				LD_RUNPATH_SEARCH_PATHS = "$(inherited) @executable_path/Frameworks @loader_path/Frameworks";
				PRODUCT_BUNDLE_IDENTIFIER = com.azell.ChatifyTests;
				PRODUCT_NAME = "$(TARGET_NAME)";
				SWIFT_VERSION = 3.0;
				TEST_HOST = "$(BUILT_PRODUCTS_DIR)/Chatify.app/Chatify";
			};
			name = Release;
		};
		F7CC70F71E4BDB760009DFC8 /* Debug */ = {
			isa = XCBuildConfiguration;
			baseConfigurationReference = 25CA67F4BA0E0297BAC1C113 /* Pods-ChatifyUITests.debug.xcconfig */;
			buildSettings = {
				ALWAYS_EMBED_SWIFT_STANDARD_LIBRARIES = YES;
				INFOPLIST_FILE = ChatifyUITests/Info.plist;
				LD_RUNPATH_SEARCH_PATHS = "$(inherited) @executable_path/Frameworks @loader_path/Frameworks";
				PRODUCT_BUNDLE_IDENTIFIER = com.azell.ChatifyUITests;
				PRODUCT_NAME = "$(TARGET_NAME)";
				SWIFT_VERSION = 3.0;
				TEST_TARGET_NAME = Chatify;
			};
			name = Debug;
		};
		F7CC70F81E4BDB760009DFC8 /* Release */ = {
			isa = XCBuildConfiguration;
			baseConfigurationReference = BEBBB6FE8C3237CF217590F9 /* Pods-ChatifyUITests.release.xcconfig */;
			buildSettings = {
				ALWAYS_EMBED_SWIFT_STANDARD_LIBRARIES = YES;
				INFOPLIST_FILE = ChatifyUITests/Info.plist;
				LD_RUNPATH_SEARCH_PATHS = "$(inherited) @executable_path/Frameworks @loader_path/Frameworks";
				PRODUCT_BUNDLE_IDENTIFIER = com.azell.ChatifyUITests;
				PRODUCT_NAME = "$(TARGET_NAME)";
				SWIFT_VERSION = 3.0;
				TEST_TARGET_NAME = Chatify;
			};
			name = Release;
		};
/* End XCBuildConfiguration section */

/* Begin XCConfigurationList section */
		F7CC70C31E4BDB750009DFC8 /* Build configuration list for PBXProject "Chatify" */ = {
			isa = XCConfigurationList;
			buildConfigurations = (
				F7CC70EE1E4BDB760009DFC8 /* Debug */,
				F7CC70EF1E4BDB760009DFC8 /* Release */,
			);
			defaultConfigurationIsVisible = 0;
			defaultConfigurationName = Release;
		};
		F7CC70F01E4BDB760009DFC8 /* Build configuration list for PBXNativeTarget "Chatify" */ = {
			isa = XCConfigurationList;
			buildConfigurations = (
				F7CC70F11E4BDB760009DFC8 /* Debug */,
				F7CC70F21E4BDB760009DFC8 /* Release */,
			);
			defaultConfigurationIsVisible = 0;
			defaultConfigurationName = Release;
		};
		F7CC70F31E4BDB760009DFC8 /* Build configuration list for PBXNativeTarget "ChatifyTests" */ = {
			isa = XCConfigurationList;
			buildConfigurations = (
				F7CC70F41E4BDB760009DFC8 /* Debug */,
				F7CC70F51E4BDB760009DFC8 /* Release */,
			);
			defaultConfigurationIsVisible = 0;
			defaultConfigurationName = Release;
		};
		F7CC70F61E4BDB760009DFC8 /* Build configuration list for PBXNativeTarget "ChatifyUITests" */ = {
			isa = XCConfigurationList;
			buildConfigurations = (
				F7CC70F71E4BDB760009DFC8 /* Debug */,
				F7CC70F81E4BDB760009DFC8 /* Release */,
			);
			defaultConfigurationIsVisible = 0;
			defaultConfigurationName = Release;
		};
/* End XCConfigurationList section */
	};
	rootObject = F7CC70C01E4BDB750009DFC8 /* Project object */;
}
